# THIS IS AN AUTOGENERATED FILE. DO NOT EDIT THIS FILE DIRECTLY.
# yarn lockfile v1


"@types/core-js@^0.9.43":
  version "0.9.43"
  resolved "https://registry.yarnpkg.com/@types/core-js/-/core-js-0.9.43.tgz#65d646c5e8c0cd1bdee37065799f9d3d48748253"

typescript@^2.6.2:
  version "2.6.2"
  resolved "https://registry.yarnpkg.com/typescript/-/typescript-2.6.2.tgz#3c5b6fd7f6de0914269027f03c0946758f7673a4"
